
Microsoft Visual Studio Solution File, Format Version 12.00
# Visual Studio Version 17
VisualStudioVersion = 17.2.32526.322
MinimumVisualStudioVersion = 10.0.40219.1
Project("{9A19103F-16F7-4668-BE54-9A1E7A4F7556}") = "DataAccess", "DataAccess\DataAccess.csproj", "{6ED1C613-575C-434C-A81F-2F5153E896EF}"
EndProject
Project("{9A19103F-16F7-4668-BE54-9A1E7A4F7556}") = "Business", "Business\Business.csproj", "{BD05325A-802B-46A6-9DF6-DBB0096D9C76}"
EndProject
Project("{9A19103F-16F7-4668-BE54-9A1E7A4F7556}") = "Entities", "Entities\Entities.csproj", "{A17E8692-7D1A-4880-82B1-B21CF11D6374}"
EndProject
Project("{9A19103F-16F7-4668-BE54-9A1E7A4F7556}") = "ConsoleUI", "ConsoleUI\ConsoleUI.csproj", "{9057054D-0D10-43E2-928F-13359C5D7B3E}"
EndProject
Project("{9A19103F-16F7-4668-BE54-9A1E7A4F7556}") = "Core", "Core\Core.csproj", "{A0A3E785-3C31-4187-8FA9-4261E7980D89}"
EndProject
Project("{FAE04EC0-301F-11D3-BF4B-00C04F79EFBC}") = "WebAPI", "WebAPI\WebAPI.csproj", "{1397F684-47D9-4E48-9D18-1E09EA16188A}"
EndProject
Global
	GlobalSection(SolutionConfigurationPlatforms) = preSolution
		Debug|Any CPU = Debug|Any CPU
		Release|Any CPU = Release|Any CPU
	EndGlobalSection
	GlobalSection(ProjectConfigurationPlatforms) = postSolution
		{6ED1C613-575C-434C-A81F-2F5153E896EF}.Debug|Any CPU.ActiveCfg = Debug|Any CPU
		{6ED1C613-575C-434C-A81F-2F5153E896EF}.Debug|Any CPU.Build.0 = Debug|Any CPU
		{6ED1C613-575C-434C-A81F-2F5153E896EF}.Release|Any CPU.ActiveCfg = Release|Any CPU
		{6ED1C613-575C-434C-A81F-2F5153E896EF}.Release|Any CPU.Build.0 = Release|Any CPU
		{BD05325A-802B-46A6-9DF6-DBB0096D9C76}.Debug|Any CPU.ActiveCfg = Debug|Any CPU
		{BD05325A-802B-46A6-9DF6-DBB0096D9C76}.Debug|Any CPU.Build.0 = Debug|Any CPU
		{BD05325A-802B-46A6-9DF6-DBB0096D9C76}.Release|Any CPU.ActiveCfg = Release|Any CPU
		{BD05325A-802B-46A6-9DF6-DBB0096D9C76}.Release|Any CPU.Build.0 = Release|Any CPU
		{A17E8692-7D1A-4880-82B1-B21CF11D6374}.Debug|Any CPU.ActiveCfg = Debug|Any CPU
		{A17E8692-7D1A-4880-82B1-B21CF11D6374}.Debug|Any CPU.Build.0 = Debug|Any CPU
		{A17E8692-7D1A-4880-82B1-B21CF11D6374}.Release|Any CPU.ActiveCfg = Release|Any CPU
		{A17E8692-7D1A-4880-82B1-B21CF11D6374}.Release|Any CPU.Build.0 = Release|Any CPU
		{9057054D-0D10-43E2-928F-13359C5D7B3E}.Debug|Any CPU.ActiveCfg = Debug|Any CPU
		{9057054D-0D10-43E2-928F-13359C5D7B3E}.Debug|Any CPU.Build.0 = Debug|Any CPU
		{9057054D-0D10-43E2-928F-13359C5D7B3E}.Release|Any CPU.ActiveCfg = Release|Any CPU
		{9057054D-0D10-43E2-928F-13359C5D7B3E}.Release|Any CPU.Build.0 = Release|Any CPU
		{A0A3E785-3C31-4187-8FA9-4261E7980D89}.Debug|Any CPU.ActiveCfg = Debug|Any CPU
		{A0A3E785-3C31-4187-8FA9-4261E7980D89}.Debug|Any CPU.Build.0 = Debug|Any CPU
		{A0A3E785-3C31-4187-8FA9-4261E7980D89}.Release|Any CPU.ActiveCfg = Release|Any CPU
		{A0A3E785-3C31-4187-8FA9-4261E7980D89}.Release|Any CPU.Build.0 = Release|Any CPU
		{1397F684-47D9-4E48-9D18-1E09EA16188A}.Debug|Any CPU.ActiveCfg = Debug|Any CPU
		{1397F684-47D9-4E48-9D18-1E09EA16188A}.Debug|Any CPU.Build.0 = Debug|Any CPU
		{1397F684-47D9-4E48-9D18-1E09EA16188A}.Release|Any CPU.ActiveCfg = Release|Any CPU
		{1397F684-47D9-4E48-9D18-1E09EA16188A}.Release|Any CPU.Build.0 = Release|Any CPU
	EndGlobalSection
	GlobalSection(SolutionProperties) = preSolution
		HideSolutionNode = FALSE
	EndGlobalSection
	GlobalSection(ExtensibilityGlobals) = postSolution
		SolutionGuid = {6FC9314F-66EA-4955-9E6B-0086E2CC7EDA}
	EndGlobalSection
EndGlobal
